
Microsoft Visual Studio Solution File, Format Version 11.00
# Visual Studio 2010
Project("{FAE04EC0-301F-11D3-BF4B-00C04F79EFBC}") = "Assembly-CSharp", "Assembly-CSharp.csproj", "{DEF3795C-CEF0-7BCC-FA4B-580D4286B116}"
EndProject
Project("{FAE04EC0-301F-11D3-BF4B-00C04F79EFBC}") = "Assembly-CSharp-firstpass", "Assembly-CSharp-firstpass.csproj", "{0A4A9AC6-9AF8-D50F-D2E8-D62712C2A23A}"
EndProject
Project("{FAE04EC0-301F-11D3-BF4B-00C04F79EFBC}") = "Assembly-CSharp-Editor", "Assembly-CSharp-Editor.csproj", "{F7C51544-B241-06E2-1CCE-5911E16229A4}"
EndProject
Project("{FAE04EC0-301F-11D3-BF4B-00C04F79EFBC}") = "Assembly-CSharp-Editor-firstpass", "Assembly-CSharp-Editor-firstpass.csproj", "{1B6DA150-87F7-C366-B636-25FBF91C743B}"
EndProject
Global
	GlobalSection(SolutionConfigurationPlatforms) = preSolution
		Debug|Any CPU = Debug|Any CPU
		Release|Any CPU = Release|Any CPU
	EndGlobalSection
	GlobalSection(ProjectConfigurationPlatforms) = postSolution
		{DEF3795C-CEF0-7BCC-FA4B-580D4286B116}.Debug|Any CPU.ActiveCfg = Debug|Any CPU
		{DEF3795C-CEF0-7BCC-FA4B-580D4286B116}.Debug|Any CPU.Build.0 = Debug|Any CPU
		{DEF3795C-CEF0-7BCC-FA4B-580D4286B116}.Release|Any CPU.ActiveCfg = Release|Any CPU
		{DEF3795C-CEF0-7BCC-FA4B-580D4286B116}.Release|Any CPU.Build.0 = Release|Any CPU
		{0A4A9AC6-9AF8-D50F-D2E8-D62712C2A23A}.Debug|Any CPU.ActiveCfg = Debug|Any CPU
		{0A4A9AC6-9AF8-D50F-D2E8-D62712C2A23A}.Debug|Any CPU.Build.0 = Debug|Any CPU
		{0A4A9AC6-9AF8-D50F-D2E8-D62712C2A23A}.Release|Any CPU.ActiveCfg = Release|Any CPU
		{0A4A9AC6-9AF8-D50F-D2E8-D62712C2A23A}.Release|Any CPU.Build.0 = Release|Any CPU
		{F7C51544-B241-06E2-1CCE-5911E16229A4}.Debug|Any CPU.ActiveCfg = Debug|Any CPU
		{F7C51544-B241-06E2-1CCE-5911E16229A4}.Debug|Any CPU.Build.0 = Debug|Any CPU
		{F7C51544-B241-06E2-1CCE-5911E16229A4}.Release|Any CPU.ActiveCfg = Release|Any CPU
		{F7C51544-B241-06E2-1CCE-5911E16229A4}.Release|Any CPU.Build.0 = Release|Any CPU
		{1B6DA150-87F7-C366-B636-25FBF91C743B}.Debug|Any CPU.ActiveCfg = Debug|Any CPU
		{1B6DA150-87F7-C366-B636-25FBF91C743B}.Debug|Any CPU.Build.0 = Debug|Any CPU
		{1B6DA150-87F7-C366-B636-25FBF91C743B}.Release|Any CPU.ActiveCfg = Release|Any CPU
		{1B6DA150-87F7-C366-B636-25FBF91C743B}.Release|Any CPU.Build.0 = Release|Any CPU
	EndGlobalSection
	GlobalSection(SolutionProperties) = preSolution
		HideSolutionNode = FALSE
	EndGlobalSection
EndGlobal
